
Microsoft Visual Studio Solution File, Format Version 12.00
# Visual Studio Version 16
VisualStudioVersion = 16.0.30517.126
MinimumVisualStudioVersion = 10.0.40219.1
Project("{FAE04EC0-301F-11D3-BF4B-00C04F79EFBC}") = "RandomNumberGenerators", "RandomNumberGenerators\RandomNumberGenerators.csproj", "{578714FD-F165-4384-A1CF-547B59FF50FA}"
EndProject
Global
	GlobalSection(SolutionConfigurationPlatforms) = preSolution
		Debug|Any CPU = Debug|Any CPU
		Release|Any CPU = Release|Any CPU
	EndGlobalSection
	GlobalSection(ProjectConfigurationPlatforms) = postSolution
		{578714FD-F165-4384-A1CF-547B59FF50FA}.Debug|Any CPU.ActiveCfg = Debug|Any CPU
		{578714FD-F165-4384-A1CF-547B59FF50FA}.Debug|Any CPU.Build.0 = Debug|Any CPU
		{578714FD-F165-4384-A1CF-547B59FF50FA}.Release|Any CPU.ActiveCfg = Release|Any CPU
		{578714FD-F165-4384-A1CF-547B59FF50FA}.Release|Any CPU.Build.0 = Release|Any CPU
	EndGlobalSection
	GlobalSection(SolutionProperties) = preSolution
		HideSolutionNode = FALSE
	EndGlobalSection
	GlobalSection(ExtensibilityGlobals) = postSolution
		SolutionGuid = {F3BBB4E8-A0CE-4603-AFB1-C34877871CF7}
	EndGlobalSection
EndGlobal
